
Microsoft Visual Studio Solution File, Format Version 12.00
# Visual Studio Version 16
VisualStudioVersion = 16.0.32106.194
MinimumVisualStudioVersion = 10.0.40219.1
Project("{FAE04EC0-301F-11D3-BF4B-00C04F79EFBC}") = "Assembly-CSharp", "Assembly-CSharp.csproj", "{08AB98FA-1FCE-9F02-E7B8-92F6432EBD3F}"
EndProject
Global
	GlobalSection(SolutionConfigurationPlatforms) = preSolution
		Debug|Any CPU = Debug|Any CPU
		Release|Any CPU = Release|Any CPU
	EndGlobalSection
	GlobalSection(ProjectConfigurationPlatforms) = postSolution
		{08AB98FA-1FCE-9F02-E7B8-92F6432EBD3F}.Debug|Any CPU.ActiveCfg = Debug|Any CPU
		{08AB98FA-1FCE-9F02-E7B8-92F6432EBD3F}.Debug|Any CPU.Build.0 = Debug|Any CPU
		{08AB98FA-1FCE-9F02-E7B8-92F6432EBD3F}.Release|Any CPU.ActiveCfg = Release|Any CPU
		{08AB98FA-1FCE-9F02-E7B8-92F6432EBD3F}.Release|Any CPU.Build.0 = Release|Any CPU
	EndGlobalSection
	GlobalSection(SolutionProperties) = preSolution
		HideSolutionNode = FALSE
	EndGlobalSection
	GlobalSection(ExtensibilityGlobals) = postSolution
		SolutionGuid = {E7A33E94-D349-48DC-A48E-DD48DABAFD27}
	EndGlobalSection
EndGlobal
